
Microsoft Visual Studio Solution File, Format Version 12.00
# Visual Studio Version 17
VisualStudioVersion = 17.13.35931.197 d17.13
MinimumVisualStudioVersion = 10.0.40219.1
Project("{FAE04EC0-301F-11D3-BF4B-00C04F79EFBC}") = "CalorieTrackerAPI", "CalorieTrackerAPI.csproj", "{0A2D3479-1491-4FB5-A04A-BB66945C2948}"
EndProject
Project("{FAE04EC0-301F-11D3-BF4B-00C04F79EFBC}") = "CalorieTrackerTests", "..\CalorieTrackerTests\CalorieTrackerTests.csproj", "{20D002B2-5BAA-4E91-8F07-A675C39BACA3}"
EndProject
Global
	GlobalSection(SolutionConfigurationPlatforms) = preSolution
		Debug|Any CPU = Debug|Any CPU
		Release|Any CPU = Release|Any CPU
	EndGlobalSection
	GlobalSection(ProjectConfigurationPlatforms) = postSolution
		{0A2D3479-1491-4FB5-A04A-BB66945C2948}.Debug|Any CPU.ActiveCfg = Debug|Any CPU
		{0A2D3479-1491-4FB5-A04A-BB66945C2948}.Debug|Any CPU.Build.0 = Debug|Any CPU
		{0A2D3479-1491-4FB5-A04A-BB66945C2948}.Release|Any CPU.ActiveCfg = Release|Any CPU
		{0A2D3479-1491-4FB5-A04A-BB66945C2948}.Release|Any CPU.Build.0 = Release|Any CPU
		{20D002B2-5BAA-4E91-8F07-A675C39BACA3}.Debug|Any CPU.ActiveCfg = Debug|Any CPU
		{20D002B2-5BAA-4E91-8F07-A675C39BACA3}.Debug|Any CPU.Build.0 = Debug|Any CPU
		{20D002B2-5BAA-4E91-8F07-A675C39BACA3}.Release|Any CPU.ActiveCfg = Release|Any CPU
		{20D002B2-5BAA-4E91-8F07-A675C39BACA3}.Release|Any CPU.Build.0 = Release|Any CPU
	EndGlobalSection
	GlobalSection(SolutionProperties) = preSolution
		HideSolutionNode = FALSE
	EndGlobalSection
	GlobalSection(ExtensibilityGlobals) = postSolution
		SolutionGuid = {ACF1F11C-DAB3-4421-BE00-610E6C44BDF6}
	EndGlobalSection
EndGlobal
