
Microsoft Visual Studio Solution File, Format Version 12.00
# Visual Studio Version 17
VisualStudioVersion = 17.13.35931.197
MinimumVisualStudioVersion = 10.0.40219.1
Project("{FAE04EC0-301F-11D3-BF4B-00C04F79EFBC}") = "CalorieTrackerAPI", "CalorieTrackerAPI.csproj", "{0A2D3479-1491-4FB5-A04A-BB66945C2948}"
EndProject
Project("{FAE04EC0-301F-11D3-BF4B-00C04F79EFBC}") = "CalorieTrackerTests", "CalorieTrackerTests\CalorieTrackerTests.csproj", "{248570F6-517D-4E29-BF6A-25300FB81921}"
EndProject
Global
	GlobalSection(SolutionConfigurationPlatforms) = preSolution
		Debug|Any CPU = Debug|Any CPU
		Debug|x64 = Debug|x64
		Debug|x86 = Debug|x86
		Release|Any CPU = Release|Any CPU
		Release|x64 = Release|x64
		Release|x86 = Release|x86
	EndGlobalSection
	GlobalSection(ProjectConfigurationPlatforms) = postSolution
		{0A2D3479-1491-4FB5-A04A-BB66945C2948}.Debug|Any CPU.ActiveCfg = Debug|Any CPU
		{0A2D3479-1491-4FB5-A04A-BB66945C2948}.Debug|Any CPU.Build.0 = Debug|Any CPU
		{0A2D3479-1491-4FB5-A04A-BB66945C2948}.Debug|x64.ActiveCfg = Debug|Any CPU
		{0A2D3479-1491-4FB5-A04A-BB66945C2948}.Debug|x64.Build.0 = Debug|Any CPU
		{0A2D3479-1491-4FB5-A04A-BB66945C2948}.Debug|x86.ActiveCfg = Debug|Any CPU
		{0A2D3479-1491-4FB5-A04A-BB66945C2948}.Debug|x86.Build.0 = Debug|Any CPU
		{0A2D3479-1491-4FB5-A04A-BB66945C2948}.Release|Any CPU.ActiveCfg = Release|Any CPU
		{0A2D3479-1491-4FB5-A04A-BB66945C2948}.Release|Any CPU.Build.0 = Release|Any CPU
		{0A2D3479-1491-4FB5-A04A-BB66945C2948}.Release|x64.ActiveCfg = Release|Any CPU
		{0A2D3479-1491-4FB5-A04A-BB66945C2948}.Release|x64.Build.0 = Release|Any CPU
		{0A2D3479-1491-4FB5-A04A-BB66945C2948}.Release|x86.ActiveCfg = Release|Any CPU
		{0A2D3479-1491-4FB5-A04A-BB66945C2948}.Release|x86.Build.0 = Release|Any CPU
		{248570F6-517D-4E29-BF6A-25300FB81921}.Debug|Any CPU.ActiveCfg = Debug|Any CPU
		{248570F6-517D-4E29-BF6A-25300FB81921}.Debug|Any CPU.Build.0 = Debug|Any CPU
		{248570F6-517D-4E29-BF6A-25300FB81921}.Debug|x64.ActiveCfg = Debug|Any CPU
		{248570F6-517D-4E29-BF6A-25300FB81921}.Debug|x64.Build.0 = Debug|Any CPU
		{248570F6-517D-4E29-BF6A-25300FB81921}.Debug|x86.ActiveCfg = Debug|Any CPU
		{248570F6-517D-4E29-BF6A-25300FB81921}.Debug|x86.Build.0 = Debug|Any CPU
		{248570F6-517D-4E29-BF6A-25300FB81921}.Release|Any CPU.ActiveCfg = Release|Any CPU
		{248570F6-517D-4E29-BF6A-25300FB81921}.Release|Any CPU.Build.0 = Release|Any CPU
		{248570F6-517D-4E29-BF6A-25300FB81921}.Release|x64.ActiveCfg = Release|Any CPU
		{248570F6-517D-4E29-BF6A-25300FB81921}.Release|x64.Build.0 = Release|Any CPU
		{248570F6-517D-4E29-BF6A-25300FB81921}.Release|x86.ActiveCfg = Release|Any CPU
		{248570F6-517D-4E29-BF6A-25300FB81921}.Release|x86.Build.0 = Release|Any CPU
	EndGlobalSection
	GlobalSection(SolutionProperties) = preSolution
		HideSolutionNode = FALSE
	EndGlobalSection
	GlobalSection(ExtensibilityGlobals) = postSolution
		SolutionGuid = {ACF1F11C-DAB3-4421-BE00-610E6C44BDF6}
	EndGlobalSection
EndGlobal
